// !$*UTF8*$!
{
	archiveVersion = 1;
	classes = {
	};
	objectVersion = 56;
	objects = {

/* Begin PBXBuildFile section */
		7823A8BD292B761900E6510B /* AppDelegate.swift in Sources */ = {isa = PBXBuildFile; fileRef = 7823A8BC292B761900E6510B /* AppDelegate.swift */; };
		7823A8BF292B761900E6510B /* SceneDelegate.swift in Sources */ = {isa = PBXBuildFile; fileRef = 7823A8BE292B761900E6510B /* SceneDelegate.swift */; };
		7823A8C1292B761900E6510B /* PokemonListViewController.swift in Sources */ = {isa = PBXBuildFile; fileRef = 7823A8C0292B761900E6510B /* PokemonListViewController.swift */; };
		7823A8C4292B761900E6510B /* Main.storyboard in Resources */ = {isa = PBXBuildFile; fileRef = 7823A8C2292B761900E6510B /* Main.storyboard */; };
		7823A8C6292B761B00E6510B /* Assets.xcassets in Resources */ = {isa = PBXBuildFile; fileRef = 7823A8C5292B761B00E6510B /* Assets.xcassets */; };
		7823A8C9292B761B00E6510B /* LaunchScreen.storyboard in Resources */ = {isa = PBXBuildFile; fileRef = 7823A8C7292B761B00E6510B /* LaunchScreen.storyboard */; };
		7823A8D1292B806100E6510B /* Coordinator.swift in Sources */ = {isa = PBXBuildFile; fileRef = 7823A8D0292B806100E6510B /* Coordinator.swift */; };
		7823A8D3292B811F00E6510B /* AppCoordinator.swift in Sources */ = {isa = PBXBuildFile; fileRef = 7823A8D2292B811F00E6510B /* AppCoordinator.swift */; };
		7823A8D5292B839200E6510B /* TabBarPage.swift in Sources */ = {isa = PBXBuildFile; fileRef = 7823A8D4292B839200E6510B /* TabBarPage.swift */; };
		7823A8D7292B87D800E6510B /* TabBarCoordinator.swift in Sources */ = {isa = PBXBuildFile; fileRef = 7823A8D6292B87D800E6510B /* TabBarCoordinator.swift */; };
		7823A8DB292BD3AC00E6510B /* MyPokemonViewController.swift in Sources */ = {isa = PBXBuildFile; fileRef = 7823A8DA292BD3AC00E6510B /* MyPokemonViewController.swift */; };
		7823A8DD292BD7AD00E6510B /* DetailPokemonViewController.swift in Sources */ = {isa = PBXBuildFile; fileRef = 7823A8DC292BD7AD00E6510B /* DetailPokemonViewController.swift */; };
		78369500292CB2A000D7595E /* PokemonResponse.swift in Sources */ = {isa = PBXBuildFile; fileRef = 783694FF292CB2A000D7595E /* PokemonResponse.swift */; };
		78369503292CB47000D7595E /* PokemonListViewModel.swift in Sources */ = {isa = PBXBuildFile; fileRef = 78369502292CB47000D7595E /* PokemonListViewModel.swift */; };
		78369505292CB4C500D7595E /* ObservableObject.swift in Sources */ = {isa = PBXBuildFile; fileRef = 78369504292CB4C500D7595E /* ObservableObject.swift */; };
		78369507292CB6B700D7595E /* Pokemon.swift in Sources */ = {isa = PBXBuildFile; fileRef = 78369506292CB6B700D7595E /* Pokemon.swift */; };
		78369509292CB6F200D7595E /* PokemonListResponse.swift in Sources */ = {isa = PBXBuildFile; fileRef = 78369508292CB6F200D7595E /* PokemonListResponse.swift */; };
		7836950C292CC3C900D7595E /* PokemonMapper.swift in Sources */ = {isa = PBXBuildFile; fileRef = 7836950B292CC3C900D7595E /* PokemonMapper.swift */; };
		78369510292D118400D7595E /* MyPokemonCollectionViewCell.swift in Sources */ = {isa = PBXBuildFile; fileRef = 7836950F292D118400D7595E /* MyPokemonCollectionViewCell.swift */; };
		78369512292D16DC00D7595E /* PokemonListTableViewCell.swift in Sources */ = {isa = PBXBuildFile; fileRef = 78369511292D16DC00D7595E /* PokemonListTableViewCell.swift */; };
		787B5E65292E04AC00B961BF /* PokemonBioView.swift in Sources */ = {isa = PBXBuildFile; fileRef = 787B5E64292E04AC00B961BF /* PokemonBioView.swift */; };
		787B5E67292E1F0F00B961BF /* PokemonTypeView.swift in Sources */ = {isa = PBXBuildFile; fileRef = 787B5E66292E1F0F00B961BF /* PokemonTypeView.swift */; };
		789A7A37292C889A00F18191 /* Endpoint.swift in Sources */ = {isa = PBXBuildFile; fileRef = 789A7A36292C889A00F18191 /* Endpoint.swift */; };
		789A7A39292C88CE00F18191 /* NetworkService.swift in Sources */ = {isa = PBXBuildFile; fileRef = 789A7A38292C88CE00F18191 /* NetworkService.swift */; };
		789A7A3B292C88F400F18191 /* NetworkError.swift in Sources */ = {isa = PBXBuildFile; fileRef = 789A7A3A292C88F400F18191 /* NetworkError.swift */; };
		789A7A3D292C891D00F18191 /* NetworkLogger.swift in Sources */ = {isa = PBXBuildFile; fileRef = 789A7A3C292C891D00F18191 /* NetworkLogger.swift */; };
		789A7A3F292C89A300F18191 /* PokemonEndpoint.swift in Sources */ = {isa = PBXBuildFile; fileRef = 789A7A3E292C89A300F18191 /* PokemonEndpoint.swift */; };
		78A8FEBF292E6A760033F0F4 /* Pokemons.xcdatamodeld in Sources */ = {isa = PBXBuildFile; fileRef = 78A8FEBD292E6A760033F0F4 /* Pokemons.xcdatamodeld */; };
		78A8FF11292E88E80033F0F4 /* MyPokemonViewModel.swift in Sources */ = {isa = PBXBuildFile; fileRef = 78A8FF10292E88E80033F0F4 /* MyPokemonViewModel.swift */; };
		78A8FF14292EBAFB0033F0F4 /* PokemonEntity+CoreDataClass.swift in Sources */ = {isa = PBXBuildFile; fileRef = 78A8FF12292EBAFB0033F0F4 /* PokemonEntity+CoreDataClass.swift */; };
		78A8FF15292EBAFB0033F0F4 /* PokemonEntity+CoreDataProperties.swift in Sources */ = {isa = PBXBuildFile; fileRef = 78A8FF13292EBAFB0033F0F4 /* PokemonEntity+CoreDataProperties.swift */; };
		78A8FF17292ED4DE0033F0F4 /* CatchPokemonViewController.swift in Sources */ = {isa = PBXBuildFile; fileRef = 78A8FF16292ED4DE0033F0F4 /* CatchPokemonViewController.swift */; };
		78A8FF19292EDC190033F0F4 /* CatchPokemonViewModel.swift in Sources */ = {isa = PBXBuildFile; fileRef = 78A8FF18292EDC190033F0F4 /* CatchPokemonViewModel.swift */; };
		78BAD0B5292E5E5000970E6D /* DetailPokemonViewModel.swift in Sources */ = {isa = PBXBuildFile; fileRef = 78BAD0B4292E5E5000970E6D /* DetailPokemonViewModel.swift */; };
		78BAD0B8292E606E00970E6D /* CoreDataManager.swift in Sources */ = {isa = PBXBuildFile; fileRef = 78BAD0B7292E606E00970E6D /* CoreDataManager.swift */; };
/* End PBXBuildFile section */

/* Begin PBXFileReference section */
		7823A8B9292B761900E6510B /* PokedexApp.app */ = {isa = PBXFileReference; explicitFileType = wrapper.application; includeInIndex = 0; path = PokedexApp.app; sourceTree = BUILT_PRODUCTS_DIR; };
		7823A8BC292B761900E6510B /* AppDelegate.swift */ = {isa = PBXFileReference; lastKnownFileType = sourcecode.swift; path = AppDelegate.swift; sourceTree = "<group>"; };
		7823A8BE292B761900E6510B /* SceneDelegate.swift */ = {isa = PBXFileReference; lastKnownFileType = sourcecode.swift; path = SceneDelegate.swift; sourceTree = "<group>"; };
		7823A8C0292B761900E6510B /* PokemonListViewController.swift */ = {isa = PBXFileReference; lastKnownFileType = sourcecode.swift; path = PokemonListViewController.swift; sourceTree = "<group>"; };
		7823A8C3292B761900E6510B /* Base */ = {isa = PBXFileReference; lastKnownFileType = file.storyboard; name = Base; path = Base.lproj/Main.storyboard; sourceTree = "<group>"; };
		7823A8C5292B761B00E6510B /* Assets.xcassets */ = {isa = PBXFileReference; lastKnownFileType = folder.assetcatalog; path = Assets.xcassets; sourceTree = "<group>"; };
		7823A8C8292B761B00E6510B /* Base */ = {isa = PBXFileReference; lastKnownFileType = file.storyboard; name = Base; path = Base.lproj/LaunchScreen.storyboard; sourceTree = "<group>"; };
		7823A8CA292B761B00E6510B /* Info.plist */ = {isa = PBXFileReference; lastKnownFileType = text.plist.xml; path = Info.plist; sourceTree = "<group>"; };
		7823A8D0292B806100E6510B /* Coordinator.swift */ = {isa = PBXFileReference; lastKnownFileType = sourcecode.swift; path = Coordinator.swift; sourceTree = "<group>"; };
		7823A8D2292B811F00E6510B /* AppCoordinator.swift */ = {isa = PBXFileReference; lastKnownFileType = sourcecode.swift; path = AppCoordinator.swift; sourceTree = "<group>"; };
		7823A8D4292B839200E6510B /* TabBarPage.swift */ = {isa = PBXFileReference; lastKnownFileType = sourcecode.swift; path = TabBarPage.swift; sourceTree = "<group>"; };
		7823A8D6292B87D800E6510B /* TabBarCoordinator.swift */ = {isa = PBXFileReference; lastKnownFileType = sourcecode.swift; path = TabBarCoordinator.swift; sourceTree = "<group>"; };
		7823A8DA292BD3AC00E6510B /* MyPokemonViewController.swift */ = {isa = PBXFileReference; lastKnownFileType = sourcecode.swift; path = MyPokemonViewController.swift; sourceTree = "<group>"; };
		7823A8DC292BD7AD00E6510B /* DetailPokemonViewController.swift */ = {isa = PBXFileReference; lastKnownFileType = sourcecode.swift; path = DetailPokemonViewController.swift; sourceTree = "<group>"; };
		783694FF292CB2A000D7595E /* PokemonResponse.swift */ = {isa = PBXFileReference; lastKnownFileType = sourcecode.swift; path = PokemonResponse.swift; sourceTree = "<group>"; };
		78369502292CB47000D7595E /* PokemonListViewModel.swift */ = {isa = PBXFileReference; lastKnownFileType = sourcecode.swift; path = PokemonListViewModel.swift; sourceTree = "<group>"; };
		78369504292CB4C500D7595E /* ObservableObject.swift */ = {isa = PBXFileReference; lastKnownFileType = sourcecode.swift; path = ObservableObject.swift; sourceTree = "<group>"; };
		78369506292CB6B700D7595E /* Pokemon.swift */ = {isa = PBXFileReference; lastKnownFileType = sourcecode.swift; path = Pokemon.swift; sourceTree = "<group>"; };
		78369508292CB6F200D7595E /* PokemonListResponse.swift */ = {isa = PBXFileReference; lastKnownFileType = sourcecode.swift; path = PokemonListResponse.swift; sourceTree = "<group>"; };
		7836950B292CC3C900D7595E /* PokemonMapper.swift */ = {isa = PBXFileReference; lastKnownFileType = sourcecode.swift; path = PokemonMapper.swift; sourceTree = "<group>"; };
		7836950F292D118400D7595E /* MyPokemonCollectionViewCell.swift */ = {isa = PBXFileReference; lastKnownFileType = sourcecode.swift; path = MyPokemonCollectionViewCell.swift; sourceTree = "<group>"; };
		78369511292D16DC00D7595E /* PokemonListTableViewCell.swift */ = {isa = PBXFileReference; lastKnownFileType = sourcecode.swift; path = PokemonListTableViewCell.swift; sourceTree = "<group>"; };
		787B5E64292E04AC00B961BF /* PokemonBioView.swift */ = {isa = PBXFileReference; lastKnownFileType = sourcecode.swift; path = PokemonBioView.swift; sourceTree = "<group>"; };
		787B5E66292E1F0F00B961BF /* PokemonTypeView.swift */ = {isa = PBXFileReference; lastKnownFileType = sourcecode.swift; path = PokemonTypeView.swift; sourceTree = "<group>"; };
		789A7A36292C889A00F18191 /* Endpoint.swift */ = {isa = PBXFileReference; lastKnownFileType = sourcecode.swift; path = Endpoint.swift; sourceTree = "<group>"; };
		789A7A38292C88CE00F18191 /* NetworkService.swift */ = {isa = PBXFileReference; lastKnownFileType = sourcecode.swift; path = NetworkService.swift; sourceTree = "<group>"; };
		789A7A3A292C88F400F18191 /* NetworkError.swift */ = {isa = PBXFileReference; lastKnownFileType = sourcecode.swift; path = NetworkError.swift; sourceTree = "<group>"; };
		789A7A3C292C891D00F18191 /* NetworkLogger.swift */ = {isa = PBXFileReference; lastKnownFileType = sourcecode.swift; path = NetworkLogger.swift; sourceTree = "<group>"; };
		789A7A3E292C89A300F18191 /* PokemonEndpoint.swift */ = {isa = PBXFileReference; lastKnownFileType = sourcecode.swift; path = PokemonEndpoint.swift; sourceTree = "<group>"; };
		78A8FEBE292E6A760033F0F4 /* Pokemons.xcdatamodel */ = {isa = PBXFileReference; lastKnownFileType = wrapper.xcdatamodel; path = Pokemons.xcdatamodel; sourceTree = "<group>"; };
		78A8FF10292E88E80033F0F4 /* MyPokemonViewModel.swift */ = {isa = PBXFileReference; lastKnownFileType = sourcecode.swift; path = MyPokemonViewModel.swift; sourceTree = "<group>"; };
		78A8FF12292EBAFB0033F0F4 /* PokemonEntity+CoreDataClass.swift */ = {isa = PBXFileReference; lastKnownFileType = sourcecode.swift; path = "PokemonEntity+CoreDataClass.swift"; sourceTree = "<group>"; };
		78A8FF13292EBAFB0033F0F4 /* PokemonEntity+CoreDataProperties.swift */ = {isa = PBXFileReference; lastKnownFileType = sourcecode.swift; path = "PokemonEntity+CoreDataProperties.swift"; sourceTree = "<group>"; };
		78A8FF16292ED4DE0033F0F4 /* CatchPokemonViewController.swift */ = {isa = PBXFileReference; lastKnownFileType = sourcecode.swift; path = CatchPokemonViewController.swift; sourceTree = "<group>"; };
		78A8FF18292EDC190033F0F4 /* CatchPokemonViewModel.swift */ = {isa = PBXFileReference; lastKnownFileType = sourcecode.swift; path = CatchPokemonViewModel.swift; sourceTree = "<group>"; };
		78BAD0B4292E5E5000970E6D /* DetailPokemonViewModel.swift */ = {isa = PBXFileReference; lastKnownFileType = sourcecode.swift; path = DetailPokemonViewModel.swift; sourceTree = "<group>"; };
		78BAD0B7292E606E00970E6D /* CoreDataManager.swift */ = {isa = PBXFileReference; lastKnownFileType = sourcecode.swift; path = CoreDataManager.swift; sourceTree = "<group>"; };
/* End PBXFileReference section */

/* Begin PBXFrameworksBuildPhase section */
		7823A8B6292B761900E6510B /* Frameworks */ = {
			isa = PBXFrameworksBuildPhase;
			buildActionMask = 2147483647;
			files = (
			);
			runOnlyForDeploymentPostprocessing = 0;
		};
/* End PBXFrameworksBuildPhase section */

/* Begin PBXGroup section */
		7823A8B0292B761900E6510B = {
			isa = PBXGroup;
			children = (
				7823A8BB292B761900E6510B /* PokedexApp */,
				7823A8BA292B761900E6510B /* Products */,
			);
			sourceTree = "<group>";
		};
		7823A8BA292B761900E6510B /* Products */ = {
			isa = PBXGroup;
			children = (
				7823A8B9292B761900E6510B /* PokedexApp.app */,
			);
			name = Products;
			sourceTree = "<group>";
		};
		7823A8BB292B761900E6510B /* PokedexApp */ = {
			isa = PBXGroup;
			children = (
				78A8FF1A292EFE1F0033F0F4 /* Controller */,
				78BAD0B6292E606400970E6D /* CoreData */,
				7836950D292D113F00D7595E /* View */,
				7836950A292CC3B500D7595E /* Utilities */,
				789A7A35292C871A00F18191 /* Model */,
				789A7A34292C870F00F18191 /* ViewModel */,
				789A7A33292C86F800F18191 /* Coordinator */,
				789A7A32292C86EE00F18191 /* Networking */,
				7823A8BC292B761900E6510B /* AppDelegate.swift */,
				7823A8BE292B761900E6510B /* SceneDelegate.swift */,
				7823A8C2292B761900E6510B /* Main.storyboard */,
				7823A8C5292B761B00E6510B /* Assets.xcassets */,
				7823A8C7292B761B00E6510B /* LaunchScreen.storyboard */,
				7823A8CA292B761B00E6510B /* Info.plist */,
				78A8FEBD292E6A760033F0F4 /* Pokemons.xcdatamodeld */,
			);
			path = PokedexApp;
			sourceTree = "<group>";
		};
		7836950A292CC3B500D7595E /* Utilities */ = {
			isa = PBXGroup;
			children = (
				7823A8D4292B839200E6510B /* TabBarPage.swift */,
				7836950B292CC3C900D7595E /* PokemonMapper.swift */,
			);
			path = Utilities;
			sourceTree = "<group>";
		};
		7836950D292D113F00D7595E /* View */ = {
			isa = PBXGroup;
			children = (
				7836950F292D118400D7595E /* MyPokemonCollectionViewCell.swift */,
				78369511292D16DC00D7595E /* PokemonListTableViewCell.swift */,
				787B5E64292E04AC00B961BF /* PokemonBioView.swift */,
				787B5E66292E1F0F00B961BF /* PokemonTypeView.swift */,
			);
			path = View;
			sourceTree = "<group>";
		};
		789A7A32292C86EE00F18191 /* Networking */ = {
			isa = PBXGroup;
			children = (
				789A7A36292C889A00F18191 /* Endpoint.swift */,
				789A7A38292C88CE00F18191 /* NetworkService.swift */,
				789A7A3A292C88F400F18191 /* NetworkError.swift */,
				789A7A3C292C891D00F18191 /* NetworkLogger.swift */,
				789A7A3E292C89A300F18191 /* PokemonEndpoint.swift */,
			);
			path = Networking;
			sourceTree = "<group>";
		};
		789A7A33292C86F800F18191 /* Coordinator */ = {
			isa = PBXGroup;
			children = (
				7823A8D0292B806100E6510B /* Coordinator.swift */,
				7823A8D2292B811F00E6510B /* AppCoordinator.swift */,
				7823A8D6292B87D800E6510B /* TabBarCoordinator.swift */,
			);
			path = Coordinator;
			sourceTree = "<group>";
		};
		789A7A34292C870F00F18191 /* ViewModel */ = {
			isa = PBXGroup;
			children = (
				78369502292CB47000D7595E /* PokemonListViewModel.swift */,
				78369504292CB4C500D7595E /* ObservableObject.swift */,
				78BAD0B4292E5E5000970E6D /* DetailPokemonViewModel.swift */,
				78A8FF10292E88E80033F0F4 /* MyPokemonViewModel.swift */,
				78A8FF18292EDC190033F0F4 /* CatchPokemonViewModel.swift */,
			);
			path = ViewModel;
			sourceTree = "<group>";
		};
		789A7A35292C871A00F18191 /* Model */ = {
			isa = PBXGroup;
			children = (
				783694FF292CB2A000D7595E /* PokemonResponse.swift */,
				78369508292CB6F200D7595E /* PokemonListResponse.swift */,
				78369506292CB6B700D7595E /* Pokemon.swift */,
			);
			path = Model;
			sourceTree = "<group>";
		};
		78A8FF1A292EFE1F0033F0F4 /* Controller */ = {
			isa = PBXGroup;
			children = (
				7823A8DC292BD7AD00E6510B /* DetailPokemonViewController.swift */,
				7823A8DA292BD3AC00E6510B /* MyPokemonViewController.swift */,
				78A8FF16292ED4DE0033F0F4 /* CatchPokemonViewController.swift */,
				7823A8C0292B761900E6510B /* PokemonListViewController.swift */,
			);
			path = Controller;
			sourceTree = "<group>";
		};
		78BAD0B6292E606400970E6D /* CoreData */ = {
			isa = PBXGroup;
			children = (
				78A8FF12292EBAFB0033F0F4 /* PokemonEntity+CoreDataClass.swift */,
				78A8FF13292EBAFB0033F0F4 /* PokemonEntity+CoreDataProperties.swift */,
				78BAD0B7292E606E00970E6D /* CoreDataManager.swift */,
			);
			path = CoreData;
			sourceTree = "<group>";
		};
/* End PBXGroup section */

/* Begin PBXNativeTarget section */
		7823A8B8292B761900E6510B /* PokedexApp */ = {
			isa = PBXNativeTarget;
			buildConfigurationList = 7823A8CD292B761B00E6510B /* Build configuration list for PBXNativeTarget "PokedexApp" */;
			buildPhases = (
				7823A8B5292B761900E6510B /* Sources */,
				7823A8B6292B761900E6510B /* Frameworks */,
				7823A8B7292B761900E6510B /* Resources */,
			);
			buildRules = (
			);
			dependencies = (
			);
			name = PokedexApp;
			productName = PokedexApp;
			productReference = 7823A8B9292B761900E6510B /* PokedexApp.app */;
			productType = "com.apple.product-type.application";
		};
/* End PBXNativeTarget section */

/* Begin PBXProject section */
		7823A8B1292B761900E6510B /* Project object */ = {
			isa = PBXProject;
			attributes = {
				BuildIndependentTargetsInParallel = 1;
				LastSwiftUpdateCheck = 1410;
				LastUpgradeCheck = 1410;
				TargetAttributes = {
					7823A8B8292B761900E6510B = {
						CreatedOnToolsVersion = 14.1;
					};
				};
			};
			buildConfigurationList = 7823A8B4292B761900E6510B /* Build configuration list for PBXProject "PokedexApp" */;
			compatibilityVersion = "Xcode 14.0";
			developmentRegion = en;
			hasScannedForEncodings = 0;
			knownRegions = (
				en,
				Base,
			);
			mainGroup = 7823A8B0292B761900E6510B;
			productRefGroup = 7823A8BA292B761900E6510B /* Products */;
			projectDirPath = "";
			projectRoot = "";
			targets = (
				7823A8B8292B761900E6510B /* PokedexApp */,
			);
		};
/* End PBXProject section */

/* Begin PBXResourcesBuildPhase section */
		7823A8B7292B761900E6510B /* Resources */ = {
			isa = PBXResourcesBuildPhase;
			buildActionMask = 2147483647;
			files = (
				7823A8C9292B761B00E6510B /* LaunchScreen.storyboard in Resources */,
				7823A8C6292B761B00E6510B /* Assets.xcassets in Resources */,
				7823A8C4292B761900E6510B /* Main.storyboard in Resources */,
			);
			runOnlyForDeploymentPostprocessing = 0;
		};
/* End PBXResourcesBuildPhase section */

/* Begin PBXSourcesBuildPhase section */
		7823A8B5292B761900E6510B /* Sources */ = {
			isa = PBXSourcesBuildPhase;
			buildActionMask = 2147483647;
			files = (
				789A7A3F292C89A300F18191 /* PokemonEndpoint.swift in Sources */,
				78A8FF17292ED4DE0033F0F4 /* CatchPokemonViewController.swift in Sources */,
				789A7A39292C88CE00F18191 /* NetworkService.swift in Sources */,
				78369505292CB4C500D7595E /* ObservableObject.swift in Sources */,
				7823A8DB292BD3AC00E6510B /* MyPokemonViewController.swift in Sources */,
				78369509292CB6F200D7595E /* PokemonListResponse.swift in Sources */,
				787B5E65292E04AC00B961BF /* PokemonBioView.swift in Sources */,
				7823A8D5292B839200E6510B /* TabBarPage.swift in Sources */,
				78369507292CB6B700D7595E /* Pokemon.swift in Sources */,
				78A8FF15292EBAFB0033F0F4 /* PokemonEntity+CoreDataProperties.swift in Sources */,
				78369512292D16DC00D7595E /* PokemonListTableViewCell.swift in Sources */,
				7823A8D1292B806100E6510B /* Coordinator.swift in Sources */,
				78A8FF11292E88E80033F0F4 /* MyPokemonViewModel.swift in Sources */,
				7836950C292CC3C900D7595E /* PokemonMapper.swift in Sources */,
				78369510292D118400D7595E /* MyPokemonCollectionViewCell.swift in Sources */,
				7823A8C1292B761900E6510B /* PokemonListViewController.swift in Sources */,
				78369503292CB47000D7595E /* PokemonListViewModel.swift in Sources */,
				787B5E67292E1F0F00B961BF /* PokemonTypeView.swift in Sources */,
				789A7A3D292C891D00F18191 /* NetworkLogger.swift in Sources */,
				789A7A37292C889A00F18191 /* Endpoint.swift in Sources */,
				78369500292CB2A000D7595E /* PokemonResponse.swift in Sources */,
				7823A8D7292B87D800E6510B /* TabBarCoordinator.swift in Sources */,
				78BAD0B5292E5E5000970E6D /* DetailPokemonViewModel.swift in Sources */,
				78BAD0B8292E606E00970E6D /* CoreDataManager.swift in Sources */,
				7823A8D3292B811F00E6510B /* AppCoordinator.swift in Sources */,
				78A8FF14292EBAFB0033F0F4 /* PokemonEntity+CoreDataClass.swift in Sources */,
				78A8FEBF292E6A760033F0F4 /* Pokemons.xcdatamodeld in Sources */,
				7823A8DD292BD7AD00E6510B /* DetailPokemonViewController.swift in Sources */,
				789A7A3B292C88F400F18191 /* NetworkError.swift in Sources */,
				7823A8BD292B761900E6510B /* AppDelegate.swift in Sources */,
				78A8FF19292EDC190033F0F4 /* CatchPokemonViewModel.swift in Sources */,
				7823A8BF292B761900E6510B /* SceneDelegate.swift in Sources */,
			);
			runOnlyForDeploymentPostprocessing = 0;
		};
/* End PBXSourcesBuildPhase section */

/* Begin PBXVariantGroup section */
		7823A8C2292B761900E6510B /* Main.storyboard */ = {
			isa = PBXVariantGroup;
			children = (
				7823A8C3292B761900E6510B /* Base */,
			);
			name = Main.storyboard;
			sourceTree = "<group>";
		};
		7823A8C7292B761B00E6510B /* LaunchScreen.storyboard */ = {
			isa = PBXVariantGroup;
			children = (
				7823A8C8292B761B00E6510B /* Base */,
			);
			name = LaunchScreen.storyboard;
			sourceTree = "<group>";
		};
/* End PBXVariantGroup section */

/* Begin XCBuildConfiguration section */
		7823A8CB292B761B00E6510B /* Debug */ = {
			isa = XCBuildConfiguration;
			buildSettings = {
				ALWAYS_SEARCH_USER_PATHS = NO;
				CLANG_ANALYZER_NONNULL = YES;
				CLANG_ANALYZER_NUMBER_OBJECT_CONVERSION = YES_AGGRESSIVE;
				CLANG_CXX_LANGUAGE_STANDARD = "gnu++20";
				CLANG_ENABLE_MODULES = YES;
				CLANG_ENABLE_OBJC_ARC = YES;
				CLANG_ENABLE_OBJC_WEAK = YES;
				CLANG_WARN_BLOCK_CAPTURE_AUTORELEASING = YES;
				CLANG_WARN_BOOL_CONVERSION = YES;
				CLANG_WARN_COMMA = YES;
				CLANG_WARN_CONSTANT_CONVERSION = YES;
				CLANG_WARN_DEPRECATED_OBJC_IMPLEMENTATIONS = YES;
				CLANG_WARN_DIRECT_OBJC_ISA_USAGE = YES_ERROR;
				CLANG_WARN_DOCUMENTATION_COMMENTS = YES;
				CLANG_WARN_EMPTY_BODY = YES;
				CLANG_WARN_ENUM_CONVERSION = YES;
				CLANG_WARN_INFINITE_RECURSION = YES;
				CLANG_WARN_INT_CONVERSION = YES;
				CLANG_WARN_NON_LITERAL_NULL_CONVERSION = YES;
				CLANG_WARN_OBJC_IMPLICIT_RETAIN_SELF = YES;
				CLANG_WARN_OBJC_LITERAL_CONVERSION = YES;
				CLANG_WARN_OBJC_ROOT_CLASS = YES_ERROR;
				CLANG_WARN_QUOTED_INCLUDE_IN_FRAMEWORK_HEADER = YES;
				CLANG_WARN_RANGE_LOOP_ANALYSIS = YES;
				CLANG_WARN_STRICT_PROTOTYPES = YES;
				CLANG_WARN_SUSPICIOUS_MOVE = YES;
				CLANG_WARN_UNGUARDED_AVAILABILITY = YES_AGGRESSIVE;
				CLANG_WARN_UNREACHABLE_CODE = YES;
				CLANG_WARN__DUPLICATE_METHOD_MATCH = YES;
				COPY_PHASE_STRIP = NO;
				DEBUG_INFORMATION_FORMAT = dwarf;
				ENABLE_STRICT_OBJC_MSGSEND = YES;
				ENABLE_TESTABILITY = YES;
				GCC_C_LANGUAGE_STANDARD = gnu11;
				GCC_DYNAMIC_NO_PIC = NO;
				GCC_NO_COMMON_BLOCKS = YES;
				GCC_OPTIMIZATION_LEVEL = 0;
				GCC_PREPROCESSOR_DEFINITIONS = (
					"DEBUG=1",
					"$(inherited)",
				);
				GCC_WARN_64_TO_32_BIT_CONVERSION = YES;
				GCC_WARN_ABOUT_RETURN_TYPE = YES_ERROR;
				GCC_WARN_UNDECLARED_SELECTOR = YES;
				GCC_WARN_UNINITIALIZED_AUTOS = YES_AGGRESSIVE;
				GCC_WARN_UNUSED_FUNCTION = YES;
				GCC_WARN_UNUSED_VARIABLE = YES;
				IPHONEOS_DEPLOYMENT_TARGET = 16.1;
				MTL_ENABLE_DEBUG_INFO = INCLUDE_SOURCE;
				MTL_FAST_MATH = YES;
				ONLY_ACTIVE_ARCH = YES;
				SDKROOT = iphoneos;
				SWIFT_ACTIVE_COMPILATION_CONDITIONS = DEBUG;
				SWIFT_OPTIMIZATION_LEVEL = "-Onone";
			};
			name = Debug;
		};
		7823A8CC292B761B00E6510B /* Release */ = {
			isa = XCBuildConfiguration;
			buildSettings = {
				ALWAYS_SEARCH_USER_PATHS = NO;
				CLANG_ANALYZER_NONNULL = YES;
				CLANG_ANALYZER_NUMBER_OBJECT_CONVERSION = YES_AGGRESSIVE;
				CLANG_CXX_LANGUAGE_STANDARD = "gnu++20";
				CLANG_ENABLE_MODULES = YES;
				CLANG_ENABLE_OBJC_ARC = YES;
				CLANG_ENABLE_OBJC_WEAK = YES;
				CLANG_WARN_BLOCK_CAPTURE_AUTORELEASING = YES;
				CLANG_WARN_BOOL_CONVERSION = YES;
				CLANG_WARN_COMMA = YES;
				CLANG_WARN_CONSTANT_CONVERSION = YES;
				CLANG_WARN_DEPRECATED_OBJC_IMPLEMENTATIONS = YES;
				CLANG_WARN_DIRECT_OBJC_ISA_USAGE = YES_ERROR;
				CLANG_WARN_DOCUMENTATION_COMMENTS = YES;
				CLANG_WARN_EMPTY_BODY = YES;
				CLANG_WARN_ENUM_CONVERSION = YES;
				CLANG_WARN_INFINITE_RECURSION = YES;
				CLANG_WARN_INT_CONVERSION = YES;
				CLANG_WARN_NON_LITERAL_NULL_CONVERSION = YES;
				CLANG_WARN_OBJC_IMPLICIT_RETAIN_SELF = YES;
				CLANG_WARN_OBJC_LITERAL_CONVERSION = YES;
				CLANG_WARN_OBJC_ROOT_CLASS = YES_ERROR;
				CLANG_WARN_QUOTED_INCLUDE_IN_FRAMEWORK_HEADER = YES;
				CLANG_WARN_RANGE_LOOP_ANALYSIS = YES;
				CLANG_WARN_STRICT_PROTOTYPES = YES;
				CLANG_WARN_SUSPICIOUS_MOVE = YES;
				CLANG_WARN_UNGUARDED_AVAILABILITY = YES_AGGRESSIVE;
				CLANG_WARN_UNREACHABLE_CODE = YES;
				CLANG_WARN__DUPLICATE_METHOD_MATCH = YES;
				COPY_PHASE_STRIP = NO;
				DEBUG_INFORMATION_FORMAT = "dwarf-with-dsym";
				ENABLE_NS_ASSERTIONS = NO;
				ENABLE_STRICT_OBJC_MSGSEND = YES;
				GCC_C_LANGUAGE_STANDARD = gnu11;
				GCC_NO_COMMON_BLOCKS = YES;
				GCC_WARN_64_TO_32_BIT_CONVERSION = YES;
				GCC_WARN_ABOUT_RETURN_TYPE = YES_ERROR;
				GCC_WARN_UNDECLARED_SELECTOR = YES;
				GCC_WARN_UNINITIALIZED_AUTOS = YES_AGGRESSIVE;
				GCC_WARN_UNUSED_FUNCTION = YES;
				GCC_WARN_UNUSED_VARIABLE = YES;
				IPHONEOS_DEPLOYMENT_TARGET = 16.1;
				MTL_ENABLE_DEBUG_INFO = NO;
				MTL_FAST_MATH = YES;
				SDKROOT = iphoneos;
				SWIFT_COMPILATION_MODE = wholemodule;
				SWIFT_OPTIMIZATION_LEVEL = "-O";
				VALIDATE_PRODUCT = YES;
			};
			name = Release;
		};
		7823A8CE292B761B00E6510B /* Debug */ = {
			isa = XCBuildConfiguration;
			buildSettings = {
				ASSETCATALOG_COMPILER_APPICON_NAME = AppIcon;
				ASSETCATALOG_COMPILER_GLOBAL_ACCENT_COLOR_NAME = AccentColor;
				CODE_SIGN_STYLE = Automatic;
				CURRENT_PROJECT_VERSION = 1;
				DEVELOPMENT_TEAM = 3BJK86B698;
				GENERATE_INFOPLIST_FILE = YES;
				INFOPLIST_FILE = PokedexApp/Info.plist;
				INFOPLIST_KEY_UIApplicationSupportsIndirectInputEvents = YES;
				INFOPLIST_KEY_UILaunchStoryboardName = LaunchScreen;
				INFOPLIST_KEY_UISupportedInterfaceOrientations_iPad = "UIInterfaceOrientationPortrait UIInterfaceOrientationPortraitUpsideDown UIInterfaceOrientationLandscapeLeft UIInterfaceOrientationLandscapeRight";
				INFOPLIST_KEY_UISupportedInterfaceOrientations_iPhone = "UIInterfaceOrientationPortrait UIInterfaceOrientationLandscapeLeft UIInterfaceOrientationLandscapeRight";
				LD_RUNPATH_SEARCH_PATHS = (
					"$(inherited)",
					"@executable_path/Frameworks",
				);
				MARKETING_VERSION = 1.0;
				PRODUCT_BUNDLE_IDENTIFIER = com.clara.PokedexApp;
				PRODUCT_NAME = "$(TARGET_NAME)";
				SWIFT_EMIT_LOC_STRINGS = YES;
				SWIFT_VERSION = 5.0;
				TARGETED_DEVICE_FAMILY = "1,2";
			};
			name = Debug;
		};
		7823A8CF292B761B00E6510B /* Release */ = {
			isa = XCBuildConfiguration;
			buildSettings = {
				ASSETCATALOG_COMPILER_APPICON_NAME = AppIcon;
				ASSETCATALOG_COMPILER_GLOBAL_ACCENT_COLOR_NAME = AccentColor;
				CODE_SIGN_STYLE = Automatic;
				CURRENT_PROJECT_VERSION = 1;
				DEVELOPMENT_TEAM = 3BJK86B698;
				GENERATE_INFOPLIST_FILE = YES;
				INFOPLIST_FILE = PokedexApp/Info.plist;
				INFOPLIST_KEY_UIApplicationSupportsIndirectInputEvents = YES;
				INFOPLIST_KEY_UILaunchStoryboardName = LaunchScreen;
				INFOPLIST_KEY_UISupportedInterfaceOrientations_iPad = "UIInterfaceOrientationPortrait UIInterfaceOrientationPortraitUpsideDown UIInterfaceOrientationLandscapeLeft UIInterfaceOrientationLandscapeRight";
				INFOPLIST_KEY_UISupportedInterfaceOrientations_iPhone = "UIInterfaceOrientationPortrait UIInterfaceOrientationLandscapeLeft UIInterfaceOrientationLandscapeRight";
				LD_RUNPATH_SEARCH_PATHS = (
					"$(inherited)",
					"@executable_path/Frameworks",
				);
				MARKETING_VERSION = 1.0;
				PRODUCT_BUNDLE_IDENTIFIER = com.clara.PokedexApp;
				PRODUCT_NAME = "$(TARGET_NAME)";
				SWIFT_EMIT_LOC_STRINGS = YES;
				SWIFT_VERSION = 5.0;
				TARGETED_DEVICE_FAMILY = "1,2";
			};
			name = Release;
		};
/* End XCBuildConfiguration section */

/* Begin XCConfigurationList section */
		7823A8B4292B761900E6510B /* Build configuration list for PBXProject "PokedexApp" */ = {
			isa = XCConfigurationList;
			buildConfigurations = (
				7823A8CB292B761B00E6510B /* Debug */,
				7823A8CC292B761B00E6510B /* Release */,
			);
			defaultConfigurationIsVisible = 0;
			defaultConfigurationName = Release;
		};
		7823A8CD292B761B00E6510B /* Build configuration list for PBXNativeTarget "PokedexApp" */ = {
			isa = XCConfigurationList;
			buildConfigurations = (
				7823A8CE292B761B00E6510B /* Debug */,
				7823A8CF292B761B00E6510B /* Release */,
			);
			defaultConfigurationIsVisible = 0;
			defaultConfigurationName = Release;
		};
/* End XCConfigurationList section */

/* Begin XCVersionGroup section */
		78A8FEBD292E6A760033F0F4 /* Pokemons.xcdatamodeld */ = {
			isa = XCVersionGroup;
			children = (
				78A8FEBE292E6A760033F0F4 /* Pokemons.xcdatamodel */,
			);
			currentVersion = 78A8FEBE292E6A760033F0F4 /* Pokemons.xcdatamodel */;
			path = Pokemons.xcdatamodeld;
			sourceTree = "<group>";
			versionGroupType = wrapper.xcdatamodel;
		};
/* End XCVersionGroup section */
	};
	rootObject = 7823A8B1292B761900E6510B /* Project object */;
}
